<?xml version="1.0" encoding="utf-8"?>
<Project ToolsVersion="16.0" xmlns="http://schemas.microsoft.com/developer/msbuild/2003">
  <ItemGroup>
    <ClCompile Include="C:\Users\kevke\source\repos\C++\MotDePasseSaver\MotDePasseSaver\src\PasswordTools.cpp">
      <Filter>Source Files</Filter>
    </ClCompile>
    <ClCompile Include="C:\Users\kevke\source\repos\C++\MotDePasseSaver\MotDePasseSaver\src\main.cpp">
      <Filter>Source Files</Filter>
    </ClCompile>
    <ClCompile Include="C:\Users\kevke\source\repos\C++\MotDePasseSaver\MotDePasseSaver\src\utils.cpp">
      <Filter>Source Files</Filter>
    </ClCompile>
  </ItemGroup>
  <ItemGroup>
    <ClInclude Include="C:\Users\kevke\source\repos\C++\MotDePasseSaver\MotDePasseSaver\include\PasswordTools.hpp">
      <Filter>Header Files</Filter>
    </ClInclude>
    <ClInclude Include="C:\Users\kevke\source\repos\C++\MotDePasseSaver\MotDePasseSaver\include\utils.hpp">
      <Filter>Header Files</Filter>
    </ClInclude>
  </ItemGroup>
  <ItemGroup>
    <CustomBuild Include="C:\Users\kevke\source\repos\C++\MotDePasseSaver\MotDePasseSaver\CMakeLists.txt" />
  </ItemGroup>
  <ItemGroup>
    <Filter Include="Header Files">
      <UniqueIdentifier>{45F67521-14D2-344E-87E2-9FE7BD46B7BB}</UniqueIdentifier>
    </Filter>
    <Filter Include="Source Files">
      <UniqueIdentifier>{B605C637-0A46-3AE2-8FED-F4EC52B1EB25}</UniqueIdentifier>
    </Filter>
  </ItemGroup>
</Project>
